
Microsoft Visual Studio Solution File, Format Version 12.00
# Visual Studio Version 17
VisualStudioVersion = 17.5.2.0
MinimumVisualStudioVersion = 10.0.40219.1
Project("{FAE04EC0-301F-11D3-BF4B-00C04F79EFBC}") = "result-examples", "result-examples.csproj", "{314982AE-956C-7C45-ABBB-01E4C8681203}"
EndProject
Project("{FAE04EC0-301F-11D3-BF4B-00C04F79EFBC}") = "Svan.Monads", "..\..\src\Svan.Monads.csproj", "{74359B89-2A8F-491A-868D-BD4CD93FE823}"
EndProject
Global
	GlobalSection(SolutionConfigurationPlatforms) = preSolution
		Debug|Any CPU = Debug|Any CPU
		Debug|x64 = Debug|x64
		Debug|x86 = Debug|x86
		Release|Any CPU = Release|Any CPU
		Release|x64 = Release|x64
		Release|x86 = Release|x86
	EndGlobalSection
	GlobalSection(ProjectConfigurationPlatforms) = postSolution
		{314982AE-956C-7C45-ABBB-01E4C8681203}.Debug|Any CPU.ActiveCfg = Debug|Any CPU
		{314982AE-956C-7C45-ABBB-01E4C8681203}.Debug|Any CPU.Build.0 = Debug|Any CPU
		{314982AE-956C-7C45-ABBB-01E4C8681203}.Debug|x64.ActiveCfg = Debug|Any CPU
		{314982AE-956C-7C45-ABBB-01E4C8681203}.Debug|x64.Build.0 = Debug|Any CPU
		{314982AE-956C-7C45-ABBB-01E4C8681203}.Debug|x86.ActiveCfg = Debug|Any CPU
		{314982AE-956C-7C45-ABBB-01E4C8681203}.Debug|x86.Build.0 = Debug|Any CPU
		{314982AE-956C-7C45-ABBB-01E4C8681203}.Release|Any CPU.ActiveCfg = Release|Any CPU
		{314982AE-956C-7C45-ABBB-01E4C8681203}.Release|Any CPU.Build.0 = Release|Any CPU
		{314982AE-956C-7C45-ABBB-01E4C8681203}.Release|x64.ActiveCfg = Release|Any CPU
		{314982AE-956C-7C45-ABBB-01E4C8681203}.Release|x64.Build.0 = Release|Any CPU
		{314982AE-956C-7C45-ABBB-01E4C8681203}.Release|x86.ActiveCfg = Release|Any CPU
		{314982AE-956C-7C45-ABBB-01E4C8681203}.Release|x86.Build.0 = Release|Any CPU
		{74359B89-2A8F-491A-868D-BD4CD93FE823}.Debug|Any CPU.ActiveCfg = Debug|Any CPU
		{74359B89-2A8F-491A-868D-BD4CD93FE823}.Debug|Any CPU.Build.0 = Debug|Any CPU
		{74359B89-2A8F-491A-868D-BD4CD93FE823}.Debug|x64.ActiveCfg = Debug|Any CPU
		{74359B89-2A8F-491A-868D-BD4CD93FE823}.Debug|x64.Build.0 = Debug|Any CPU
		{74359B89-2A8F-491A-868D-BD4CD93FE823}.Debug|x86.ActiveCfg = Debug|Any CPU
		{74359B89-2A8F-491A-868D-BD4CD93FE823}.Debug|x86.Build.0 = Debug|Any CPU
		{74359B89-2A8F-491A-868D-BD4CD93FE823}.Release|Any CPU.ActiveCfg = Release|Any CPU
		{74359B89-2A8F-491A-868D-BD4CD93FE823}.Release|Any CPU.Build.0 = Release|Any CPU
		{74359B89-2A8F-491A-868D-BD4CD93FE823}.Release|x64.ActiveCfg = Release|Any CPU
		{74359B89-2A8F-491A-868D-BD4CD93FE823}.Release|x64.Build.0 = Release|Any CPU
		{74359B89-2A8F-491A-868D-BD4CD93FE823}.Release|x86.ActiveCfg = Release|Any CPU
		{74359B89-2A8F-491A-868D-BD4CD93FE823}.Release|x86.Build.0 = Release|Any CPU
	EndGlobalSection
	GlobalSection(SolutionProperties) = preSolution
		HideSolutionNode = FALSE
	EndGlobalSection
	GlobalSection(ExtensibilityGlobals) = postSolution
		SolutionGuid = {43084B0D-2178-4729-87AF-A39FE93FB14E}
	EndGlobalSection
EndGlobal
